
Microsoft Visual Studio Solution File, Format Version 12.00
# Visual Studio 15
VisualStudioVersion = 15.0.28010.2041
MinimumVisualStudioVersion = 10.0.40219.1
Project("{FAE04EC0-301F-11D3-BF4B-00C04F79EFBC}") = "Confoose2", "Confoose2\Confoose2.csproj", "{6C5FCFD5-532F-45EC-AC9D-86934978D948}"
EndProject
Global
	GlobalSection(SolutionConfigurationPlatforms) = preSolution
		Debug|Any CPU = Debug|Any CPU
		Release|Any CPU = Release|Any CPU
	EndGlobalSection
	GlobalSection(ProjectConfigurationPlatforms) = postSolution
		{6C5FCFD5-532F-45EC-AC9D-86934978D948}.Debug|Any CPU.ActiveCfg = Debug|Any CPU
		{6C5FCFD5-532F-45EC-AC9D-86934978D948}.Debug|Any CPU.Build.0 = Debug|Any CPU
		{6C5FCFD5-532F-45EC-AC9D-86934978D948}.Release|Any CPU.ActiveCfg = Release|Any CPU
		{6C5FCFD5-532F-45EC-AC9D-86934978D948}.Release|Any CPU.Build.0 = Release|Any CPU
	EndGlobalSection
	GlobalSection(SolutionProperties) = preSolution
		HideSolutionNode = FALSE
	EndGlobalSection
	GlobalSection(ExtensibilityGlobals) = postSolution
		SolutionGuid = {D57B83CC-E318-40FB-8455-ADB6C1500BA3}
	EndGlobalSection
EndGlobal
